
Microsoft Visual Studio Solution File, Format Version 12.00
# Visual Studio 15
VisualStudioVersion = 15.0.27703.2047
MinimumVisualStudioVersion = 10.0.40219.1
Project("{8BC9CEB8-8B4A-11D0-8D11-00A0C91BC942}") = "CSIS_Assignment_3", "CSIS_Assignment_3\CSIS_Assignment_3.vcxproj", "{0A225774-8625-469D-904A-0591FD71F13C}"
EndProject
Global
	GlobalSection(SolutionConfigurationPlatforms) = preSolution
		Debug|x64 = Debug|x64
		Debug|x86 = Debug|x86
		Release|x64 = Release|x64
		Release|x86 = Release|x86
	EndGlobalSection
	GlobalSection(ProjectConfigurationPlatforms) = postSolution
		{0A225774-8625-469D-904A-0591FD71F13C}.Debug|x64.ActiveCfg = Debug|x64
		{0A225774-8625-469D-904A-0591FD71F13C}.Debug|x64.Build.0 = Debug|x64
		{0A225774-8625-469D-904A-0591FD71F13C}.Debug|x86.ActiveCfg = Debug|Win32
		{0A225774-8625-469D-904A-0591FD71F13C}.Debug|x86.Build.0 = Debug|Win32
		{0A225774-8625-469D-904A-0591FD71F13C}.Release|x64.ActiveCfg = Release|x64
		{0A225774-8625-469D-904A-0591FD71F13C}.Release|x64.Build.0 = Release|x64
		{0A225774-8625-469D-904A-0591FD71F13C}.Release|x86.ActiveCfg = Release|Win32
		{0A225774-8625-469D-904A-0591FD71F13C}.Release|x86.Build.0 = Release|Win32
	EndGlobalSection
	GlobalSection(SolutionProperties) = preSolution
		HideSolutionNode = FALSE
	EndGlobalSection
	GlobalSection(ExtensibilityGlobals) = postSolution
		SolutionGuid = {74632979-B524-4C03-A665-F8EC3DB234F4}
	EndGlobalSection
EndGlobal
